
Microsoft Visual Studio Solution File, Format Version 12.00
# Visual Studio Version 16
VisualStudioVersion = 16.0.31829.152
MinimumVisualStudioVersion = 10.0.40219.1
Project("{FAE04EC0-301F-11D3-BF4B-00C04F79EFBC}") = "AddSharedParametersToFamilies", "AddSharedParametersToFamilies.csproj", "{4C694A00-CDB4-4DD8-AB6E-446E1DB5E00C}"
EndProject
Global
	GlobalSection(SolutionConfigurationPlatforms) = preSolution
		Debug|Any CPU = Debug|Any CPU
		Release|Any CPU = Release|Any CPU
	EndGlobalSection
	GlobalSection(ProjectConfigurationPlatforms) = postSolution
		{4C694A00-CDB4-4DD8-AB6E-446E1DB5E00C}.Debug|Any CPU.ActiveCfg = Debug|Any CPU
		{4C694A00-CDB4-4DD8-AB6E-446E1DB5E00C}.Debug|Any CPU.Build.0 = Debug|Any CPU
		{4C694A00-CDB4-4DD8-AB6E-446E1DB5E00C}.Release|Any CPU.ActiveCfg = Release|Any CPU
		{4C694A00-CDB4-4DD8-AB6E-446E1DB5E00C}.Release|Any CPU.Build.0 = Release|Any CPU
	EndGlobalSection
	GlobalSection(SolutionProperties) = preSolution
		HideSolutionNode = FALSE
	EndGlobalSection
	GlobalSection(ExtensibilityGlobals) = postSolution
		SolutionGuid = {2227C25D-767D-4749-A562-058BF1D90D6C}
	EndGlobalSection
EndGlobal
